{
  "version": 4,
  "terraform_version": "1.0.0",
  "serial": 16,
  "lineage": "2e335063-446a-f94c-4fe6-07ff6eec30a2",
  "outputs": {},
  "resources": [
    {
      "mode": "data",
      "type": "template_file",
      "name": "metadata_startup_script",
      "provider": "provider[\"registry.terraform.io/hashicorp/template\"]",
      "instances": [
        {
          "schema_version": 0,
          "attributes": {
            "filename": null,
            "id": "0a6d4053d641e3ba5ef97e82ae49effa3df2b288dfdeecbe3e536e49610f1db4",
            "rendered": "#/bin/bash\nyum update -y\nyum install git -y\nyum install docker -y\nsystemctl start docker\nyum install wget unzip -y\nwget https://releases.hashicorp.com/terraform/0.12.2/terraform_0.12.2_linux_amd64.zip\nmv terraform_0.12.2_linux_amd64.zip /usr/local/bin/\ncd /usr/local/bin/\nunzip terraform_0.12.2_linux_amd64.zip\ngit clone https://github.com/shakeerdcm/sreboot.git\ncd sreboot/NGINXGCR\nsh install.sh\ndocker run -d -p 80:80 gcr.io/sreboot/my-web-server:v1\n",
            "template": "#/bin/bash\nyum update -y\nyum install git -y\nyum install docker -y\nsystemctl start docker\nyum install wget unzip -y\nwget https://releases.hashicorp.com/terraform/0.12.2/terraform_0.12.2_linux_amd64.zip\nmv terraform_0.12.2_linux_amd64.zip /usr/local/bin/\ncd /usr/local/bin/\nunzip terraform_0.12.2_linux_amd64.zip\ngit clone https://github.com/shakeerdcm/sreboot.git\ncd sreboot/NGINXGCR\nsh install.sh\ndocker run -d -p 80:80 gcr.io/sreboot/my-web-server:v1\n",
            "vars": null
          },
          "sensitive_attributes": []
        }
      ]
    },
    {
      "mode": "managed",
      "type": "google_compute_firewall",
      "name": "fw_access",
      "provider": "provider[\"registry.terraform.io/hashicorp/google\"]",
      "instances": [
        {
          "schema_version": 1,
          "attributes": {
            "allow": [
              {
                "ports": [
                  "22",
                  "80"
                ],
                "protocol": "tcp"
              },
              {
                "ports": [],
                "protocol": "icmp"
              }
            ],
            "creation_timestamp": "2021-08-25T00:24:11.549-07:00",
            "deny": [],
            "description": "",
            "destination_ranges": [],
            "direction": "INGRESS",
            "disabled": false,
            "enable_logging": null,
            "id": "projects/sreboot/global/firewalls/terraform-firewall",
            "log_config": [],
            "name": "terraform-firewall",
            "network": "https://www.googleapis.com/compute/v1/projects/sreboot/global/networks/terraform-example",
            "priority": 1000,
            "project": "sreboot",
            "self_link": "https://www.googleapis.com/compute/v1/projects/sreboot/global/firewalls/terraform-firewall",
            "source_ranges": [
              "0.0.0.0/0"
            ],
            "source_service_accounts": null,
            "source_tags": null,
            "target_service_accounts": null,
            "target_tags": null,
            "timeouts": null
          },
          "sensitive_attributes": [],
          "private": "eyJlMmJmYjczMC1lY2FhLTExZTYtOGY4OC0zNDM2M2JjN2M0YzAiOnsiY3JlYXRlIjoyNDAwMDAwMDAwMDAsImRlbGV0ZSI6MjQwMDAwMDAwMDAwLCJ1cGRhdGUiOjI0MDAwMDAwMDAwMH0sInNjaGVtYV92ZXJzaW9uIjoiMSJ9",
          "dependencies": [
            "google_compute_network.vpc_network"
          ]
        }
      ]
    },
    {
      "mode": "managed",
      "type": "google_compute_instance",
      "name": "vm_instance",
      "provider": "provider[\"registry.terraform.io/hashicorp/google\"]",
      "instances": [
        {
          "schema_version": 6,
          "attributes": {
            "advanced_machine_features": [],
            "allow_stopping_for_update": null,
            "attached_disk": [],
            "boot_disk": [
              {
                "auto_delete": true,
                "device_name": "persistent-disk-0",
                "disk_encryption_key_raw": "",
                "disk_encryption_key_sha256": "",
                "initialize_params": [
                  {
                    "image": "https://www.googleapis.com/compute/v1/projects/centos-cloud/global/images/centos-7-v20210817",
                    "labels": {},
                    "size": 20,
                    "type": "pd-standard"
                  }
                ],
                "kms_key_self_link": "",
                "mode": "READ_WRITE",
                "source": "https://www.googleapis.com/compute/v1/projects/sreboot/zones/us-central1-a/disks/sre-terminal"
              }
            ],
            "can_ip_forward": false,
            "confidential_instance_config": [],
            "cpu_platform": "Intel Haswell",
            "current_status": "RUNNING",
            "deletion_protection": false,
            "description": "",
            "desired_status": null,
            "enable_display": false,
            "guest_accelerator": [],
            "hostname": "",
            "id": "projects/sreboot/zones/us-central1-a/instances/sre-terminal",
            "instance_id": "4400492395113238235",
            "label_fingerprint": "42WmSpB8rSM=",
            "labels": null,
            "machine_type": "n1-standard-1",
            "metadata": null,
            "metadata_fingerprint": "sf-iRDCL2qM=",
            "metadata_startup_script": "#/bin/bash\nyum update -y\nyum install git -y\nyum install docker -y\nsystemctl start docker\nyum install wget unzip -y\nwget https://releases.hashicorp.com/terraform/0.12.2/terraform_0.12.2_linux_amd64.zip\nmv terraform_0.12.2_linux_amd64.zip /usr/local/bin/\ncd /usr/local/bin/\nunzip terraform_0.12.2_linux_amd64.zip\ngit clone https://github.com/shakeerdcm/sreboot.git\ncd sreboot/NGINXGCR\nsh install.sh\ndocker run -d -p 80:80 gcr.io/sreboot/my-web-server:v1\n",
            "min_cpu_platform": "",
            "name": "sre-terminal",
            "network_interface": [
              {
                "access_config": [
                  {
                    "nat_ip": "34.121.81.245",
                    "network_tier": "PREMIUM",
                    "public_ptr_domain_name": ""
                  }
                ],
                "alias_ip_range": [],
                "name": "nic0",
                "network": "https://www.googleapis.com/compute/v1/projects/sreboot/global/networks/terraform-example",
                "network_ip": "10.222.0.2",
                "nic_type": "",
                "subnetwork": "https://www.googleapis.com/compute/v1/projects/sreboot/regions/us-central1/subnetworks/terraform-example",
                "subnetwork_project": "sreboot"
              }
            ],
            "project": "sreboot",
            "reservation_affinity": [],
            "resource_policies": null,
            "scheduling": [
              {
                "automatic_restart": true,
                "min_node_cpus": 0,
                "node_affinities": [],
                "on_host_maintenance": "MIGRATE",
                "preemptible": false
              }
            ],
            "scratch_disk": [],
            "self_link": "https://www.googleapis.com/compute/v1/projects/sreboot/zones/us-central1-a/instances/sre-terminal",
            "service_account": [],
            "shielded_instance_config": [
              {
                "enable_integrity_monitoring": true,
                "enable_secure_boot": false,
                "enable_vtpm": true
              }
            ],
            "tags": null,
            "tags_fingerprint": "42WmSpB8rSM=",
            "timeouts": null,
            "zone": "us-central1-a"
          },
          "sensitive_attributes": [],
          "private": "eyJlMmJmYjczMC1lY2FhLTExZTYtOGY4OC0zNDM2M2JjN2M0YzAiOnsiY3JlYXRlIjoxMjAwMDAwMDAwMDAwLCJkZWxldGUiOjEyMDAwMDAwMDAwMDAsInVwZGF0ZSI6MTIwMDAwMDAwMDAwMH0sInNjaGVtYV92ZXJzaW9uIjoiNiJ9",
          "dependencies": [
            "data.template_file.metadata_startup_script",
            "google_compute_network.vpc_network",
            "google_compute_subnetwork.vpc_subnet"
          ]
        }
      ]
    },
    {
      "mode": "managed",
      "type": "google_compute_network",
      "name": "vpc_network",
      "provider": "provider[\"registry.terraform.io/hashicorp/google\"]",
      "instances": [
        {
          "schema_version": 0,
          "attributes": {
            "auto_create_subnetworks": false,
            "delete_default_routes_on_create": false,
            "description": "",
            "gateway_ipv4": "",
            "id": "projects/sreboot/global/networks/terraform-example",
            "mtu": 0,
            "name": "terraform-example",
            "project": "sreboot",
            "routing_mode": "REGIONAL",
            "self_link": "https://www.googleapis.com/compute/v1/projects/sreboot/global/networks/terraform-example",
            "timeouts": null
          },
          "sensitive_attributes": [],
          "private": "eyJlMmJmYjczMC1lY2FhLTExZTYtOGY4OC0zNDM2M2JjN2M0YzAiOnsiY3JlYXRlIjoyNDAwMDAwMDAwMDAsImRlbGV0ZSI6MjQwMDAwMDAwMDAwLCJ1cGRhdGUiOjI0MDAwMDAwMDAwMH19"
        }
      ]
    },
    {
      "mode": "managed",
      "type": "google_compute_subnetwork",
      "name": "vpc_subnet",
      "provider": "provider[\"registry.terraform.io/hashicorp/google\"]",
      "instances": [
        {
          "schema_version": 0,
          "attributes": {
            "creation_timestamp": "2021-08-25T00:24:11.728-07:00",
            "description": "",
            "fingerprint": null,
            "gateway_address": "10.222.0.1",
            "id": "projects/sreboot/regions/us-central1/subnetworks/terraform-example",
            "ip_cidr_range": "10.222.0.0/20",
            "log_config": [],
            "name": "terraform-example",
            "network": "https://www.googleapis.com/compute/v1/projects/sreboot/global/networks/terraform-example",
            "private_ip_google_access": true,
            "private_ipv6_google_access": "DISABLE_GOOGLE_ACCESS",
            "project": "sreboot",
            "region": "us-central1",
            "secondary_ip_range": [],
            "self_link": "https://www.googleapis.com/compute/v1/projects/sreboot/regions/us-central1/subnetworks/terraform-example",
            "timeouts": null
          },
          "sensitive_attributes": [],
          "private": "eyJlMmJmYjczMC1lY2FhLTExZTYtOGY4OC0zNDM2M2JjN2M0YzAiOnsiY3JlYXRlIjozNjAwMDAwMDAwMDAsImRlbGV0ZSI6MzYwMDAwMDAwMDAwLCJ1cGRhdGUiOjM2MDAwMDAwMDAwMH19",
          "dependencies": [
            "google_compute_network.vpc_network"
          ]
        }
      ]
    }
  ]
}
